{
  "name": "ECMAScriptTest1",
  "lockfileVersion": 2,
  "requires": true,
  "packages": {
    "": {
      "dependencies": {
        "gridjs": "^5.0.2"
      }
    },
    "node_modules/gridjs": {
      "version": "5.0.2",
      "resolved": "https://registry.npmjs.org/gridjs/-/gridjs-5.0.2.tgz",
      "integrity": "sha512-7EaMc4/IhqRcSbdOYvHOlHETciWmbbhMU6rDr2e0UfzIXSkb7X3Lhf9+bGv+v4JaWnJW5GBillgIIHrAvIIoFg==",
      "dependencies": {
        "preact": "^10.5.12",
        "tslib": "^2.0.1"
      }
    },
    "node_modules/preact": {
      "version": "10.7.1",
      "resolved": "https://registry.npmjs.org/preact/-/preact-10.7.1.tgz",
      "integrity": "sha512-MufnRFz39aIhs9AMFisonjzTud1PK1bY+jcJLo6m2T9Uh8AqjD77w11eAAawmjUogoGOnipECq7e/1RClIKsxg==",
      "funding": {
        "type": "opencollective",
        "url": "https://opencollective.com/preact"
      }
    },
    "node_modules/tslib": {
      "version": "2.4.0",
      "resolved": "https://registry.npmjs.org/tslib/-/tslib-2.4.0.tgz",
      "integrity": "sha512-d6xOpEDfsi2CZVlPQzGeux8XMwLT9hssAsaPYExaQMuYskwb+x1x7J371tWlbBdWHroy99KnVB6qIkUbs5X3UQ=="
    }
  },
  "dependencies": {
    "gridjs": {
      "version": "5.0.2",
      "resolved": "https://registry.npmjs.org/gridjs/-/gridjs-5.0.2.tgz",
      "integrity": "sha512-7EaMc4/IhqRcSbdOYvHOlHETciWmbbhMU6rDr2e0UfzIXSkb7X3Lhf9+bGv+v4JaWnJW5GBillgIIHrAvIIoFg==",
      "requires": {
        "preact": "^10.5.12",
        "tslib": "^2.0.1"
      }
    },
    "preact": {
      "version": "10.7.1",
      "resolved": "https://registry.npmjs.org/preact/-/preact-10.7.1.tgz",
      "integrity": "sha512-MufnRFz39aIhs9AMFisonjzTud1PK1bY+jcJLo6m2T9Uh8AqjD77w11eAAawmjUogoGOnipECq7e/1RClIKsxg=="
    },
    "tslib": {
      "version": "2.4.0",
      "resolved": "https://registry.npmjs.org/tslib/-/tslib-2.4.0.tgz",
      "integrity": "sha512-d6xOpEDfsi2CZVlPQzGeux8XMwLT9hssAsaPYExaQMuYskwb+x1x7J371tWlbBdWHroy99KnVB6qIkUbs5X3UQ=="
    }
  }
}
